
Microsoft Visual Studio Solution File, Format Version 12.00
# Visual Studio Version 17
VisualStudioVersion = 17.3.32819.101
MinimumVisualStudioVersion = 10.0.40219.1
Project("{FAE04EC0-301F-11D3-BF4B-00C04F79EFBC}") = "Quiz", "Quiz\Quiz.csproj", "{31BD8AF8-1F3B-4810-A4AE-E2D76E568537}"
EndProject
Global
	GlobalSection(SolutionConfigurationPlatforms) = preSolution
		Debug|Any CPU = Debug|Any CPU
		Release|Any CPU = Release|Any CPU
	EndGlobalSection
	GlobalSection(ProjectConfigurationPlatforms) = postSolution
		{31BD8AF8-1F3B-4810-A4AE-E2D76E568537}.Debug|Any CPU.ActiveCfg = Debug|Any CPU
		{31BD8AF8-1F3B-4810-A4AE-E2D76E568537}.Debug|Any CPU.Build.0 = Debug|Any CPU
		{31BD8AF8-1F3B-4810-A4AE-E2D76E568537}.Release|Any CPU.ActiveCfg = Release|Any CPU
		{31BD8AF8-1F3B-4810-A4AE-E2D76E568537}.Release|Any CPU.Build.0 = Release|Any CPU
	EndGlobalSection
	GlobalSection(SolutionProperties) = preSolution
		HideSolutionNode = FALSE
	EndGlobalSection
	GlobalSection(ExtensibilityGlobals) = postSolution
		SolutionGuid = {422F046C-CA4A-4070-BC07-72E863A8C253}
	EndGlobalSection
EndGlobal
